github.com/italypaleale/hugo-assets v0.2.2 h1:hm8DNxklpZvUnkirRdgCsCCndZ0P1Mp4dRGjWV5OqrY=
github.com/italypaleale/hugo-assets v0.2.2/go.mod h1:LPOrOBqvZgjTDNwInR/6mrKgbDndARoTo69TXvtAgu0=
github.com/italypaleale/hugo-assets v0.2.3-0.20260729044514-f87d1cda33dc h1:c+NYU6Tf3aRGn2GrnXTbhvMP3CQ2lzGMvainIr9QTHw=
github.com/italypaleale/hugo-assets v0.2.3-0.20260729044514-f87d1cda33dc/go.mod h1:LPOrOBqvZgjTDNwInR/6mrKgbDndARoTo69TXvtAgu0=
